{
  "version": 4,
  "terraform_version": "1.1.5",
  "serial": 39,
  "lineage": "3416aa35-02fc-54ba-6985-d0c870da1309",
  "outputs": {},
  "resources": [
    {
      "mode": "managed",
      "type": "yandex_compute_instance",
      "name": "elk",
      "provider": "provider[\"registry.terraform.io/yandex-cloud/yandex\"]",
      "instances": [
        {
          "index_key": "app-node01",
          "schema_version": 1,
          "attributes": {
            "allow_stopping_for_update": null,
            "boot_disk": [
              {
                "auto_delete": true,
                "device_name": "ef32t0mq7s3codq73786",
                "disk_id": "ef32t0mq7s3codq73786",
                "initialize_params": [
                  {
                    "block_size": 4096,
                    "description": "",
                    "image_id": "fd89c9t0duap8opetfb9",
                    "name": "",
                    "size": 10,
                    "snapshot_id": "",
                    "type": "network-hdd"
                  }
                ],
                "mode": "READ_WRITE"
              }
            ],
            "created_at": "2022-02-17T04:21:08Z",
            "description": "",
            "folder_id": "b1g5pmgvre17gblnhu1g",
            "fqdn": "ef3umgsvenjkp8lp0uf8.auto.internal",
            "hostname": "ef3umgsvenjkp8lp0uf8",
            "id": "ef3umgsvenjkp8lp0uf8",
            "labels": null,
            "metadata": {
              "user-data": "#cloud-config\nssh_pwauth: no\nusers:\n  - name: dotsenkois\n    sudo: ALL=(ALL) NOPASSWD:ALL\n    shell: /bin/bash\n    ssh_authorized_keys:\n      - \"ssh-rsa AAAAB3NzaC1yc2EAAAADAQABAAABgQC8zCQlMAmGslVd9Nix5LEhy0P+H7r3Cpkc9AJUmLEph6Zyyk3ywkjc0ub8JvHd/xwfA6pP5m7vEcij1olNrUyEyNVzQNtt7ydfYbin/IbNvh8yPDlolF6lpenhRGs9WWuoxi9i/2S4klILbm93XN5S4ZlCmQ7H0C8zdJreo4WEmACOXXchU0ysoL6Xyn352xA7R7EISiJ5q96gV2CcuNfnjo1ONPiYduzpWUcEEGIr7hHnfLiFzGXXRHDeeArm/Pfvn4uM5JyOVOrueriLWKIL0+UKHJfLF72fLqLK42+QdhUPjGDR42tZ04CmFKTso8GBy5i9CAsKLkh2ZLwkzMujfzP6cPq8gordqUiAx2caFOR83tz8M7i7iClSVZLxEUIKuOJ+d43UZeVLlnBmoe2RjhBgSF9W4mlsiVO2+KUM+lYRxuIMGNUMiKglZrmLxzxCAUe6E6EtkV3DoAIpI+IrTUFrrt2iyyOrvnSXu566QPYdoKuMvM4ELCrUMgOQydM= dotsenkois@DESKTOP-ACN7195\"\n"
            },
            "name": "app-node01",
            "network_acceleration_type": "standard",
            "network_interface": [
              {
                "dns_record": [],
                "index": 0,
                "ip_address": "10.130.0.20",
                "ipv4": true,
                "ipv6": false,
                "ipv6_address": "",
                "ipv6_dns_record": [],
                "mac_address": "d0:0d:1e:b4:39:f7",
                "nat": true,
                "nat_dns_record": [],
                "nat_ip_address": "51.250.35.104",
                "nat_ip_version": "IPV4",
                "security_group_ids": [],
                "subnet_id": "b0cibfi512hs6i4am4ao"
              }
            ],
            "placement_policy": [
              {
                "placement_group_id": ""
              }
            ],
            "platform_id": "standard-v1",
            "resources": [
              {
                "core_fraction": 20,
                "cores": 2,
                "gpus": 0,
                "memory": 2
              }
            ],
            "scheduling_policy": [
              {
                "preemptible": true
              }
            ],
            "secondary_disk": [],
            "service_account_id": "",
            "status": "running",
            "timeouts": null,
            "zone": "ru-central1-c"
          },
          "sensitive_attributes": [],
          "private": "eyJlMmJmYjczMC1lY2FhLTExZTYtOGY4OC0zNDM2M2JjN2M0YzAiOnsiY3JlYXRlIjozMDAwMDAwMDAwMDAsImRlbGV0ZSI6MzAwMDAwMDAwMDAwLCJ1cGRhdGUiOjMwMDAwMDAwMDAwMH0sInNjaGVtYV92ZXJzaW9uIjoiMSJ9",
          "dependencies": [
            "yandex_vpc_network.network-1",
            "yandex_vpc_subnet.subnet-1"
          ]
        },
        {
          "index_key": "app-node02",
          "schema_version": 1,
          "attributes": {
            "allow_stopping_for_update": null,
            "boot_disk": [
              {
                "auto_delete": true,
                "device_name": "ef343hrastqjk718a8mh",
                "disk_id": "ef343hrastqjk718a8mh",
                "initialize_params": [
                  {
                    "block_size": 4096,
                    "description": "",
                    "image_id": "fd89c9t0duap8opetfb9",
                    "name": "",
                    "size": 10,
                    "snapshot_id": "",
                    "type": "network-hdd"
                  }
                ],
                "mode": "READ_WRITE"
              }
            ],
            "created_at": "2022-02-17T04:21:08Z",
            "description": "",
            "folder_id": "b1g5pmgvre17gblnhu1g",
            "fqdn": "ef3mkiakfph45s203v1s.auto.internal",
            "hostname": "ef3mkiakfph45s203v1s",
            "id": "ef3mkiakfph45s203v1s",
            "labels": null,
            "metadata": {
              "user-data": "#cloud-config\nssh_pwauth: no\nusers:\n  - name: dotsenkois\n    sudo: ALL=(ALL) NOPASSWD:ALL\n    shell: /bin/bash\n    ssh_authorized_keys:\n      - \"ssh-rsa AAAAB3NzaC1yc2EAAAADAQABAAABgQC8zCQlMAmGslVd9Nix5LEhy0P+H7r3Cpkc9AJUmLEph6Zyyk3ywkjc0ub8JvHd/xwfA6pP5m7vEcij1olNrUyEyNVzQNtt7ydfYbin/IbNvh8yPDlolF6lpenhRGs9WWuoxi9i/2S4klILbm93XN5S4ZlCmQ7H0C8zdJreo4WEmACOXXchU0ysoL6Xyn352xA7R7EISiJ5q96gV2CcuNfnjo1ONPiYduzpWUcEEGIr7hHnfLiFzGXXRHDeeArm/Pfvn4uM5JyOVOrueriLWKIL0+UKHJfLF72fLqLK42+QdhUPjGDR42tZ04CmFKTso8GBy5i9CAsKLkh2ZLwkzMujfzP6cPq8gordqUiAx2caFOR83tz8M7i7iClSVZLxEUIKuOJ+d43UZeVLlnBmoe2RjhBgSF9W4mlsiVO2+KUM+lYRxuIMGNUMiKglZrmLxzxCAUe6E6EtkV3DoAIpI+IrTUFrrt2iyyOrvnSXu566QPYdoKuMvM4ELCrUMgOQydM= dotsenkois@DESKTOP-ACN7195\"\n"
            },
            "name": "app-node02",
            "network_acceleration_type": "standard",
            "network_interface": [
              {
                "dns_record": [],
                "index": 0,
                "ip_address": "10.130.0.21",
                "ipv4": true,
                "ipv6": false,
                "ipv6_address": "",
                "ipv6_dns_record": [],
                "mac_address": "d0:0d:16:a4:95:47",
                "nat": true,
                "nat_dns_record": [],
                "nat_ip_address": "51.250.36.33",
                "nat_ip_version": "IPV4",
                "security_group_ids": [],
                "subnet_id": "b0cibfi512hs6i4am4ao"
              }
            ],
            "placement_policy": [
              {
                "placement_group_id": ""
              }
            ],
            "platform_id": "standard-v1",
            "resources": [
              {
                "core_fraction": 20,
                "cores": 2,
                "gpus": 0,
                "memory": 2
              }
            ],
            "scheduling_policy": [
              {
                "preemptible": true
              }
            ],
            "secondary_disk": [],
            "service_account_id": "",
            "status": "running",
            "timeouts": null,
            "zone": "ru-central1-c"
          },
          "sensitive_attributes": [],
          "private": "eyJlMmJmYjczMC1lY2FhLTExZTYtOGY4OC0zNDM2M2JjN2M0YzAiOnsiY3JlYXRlIjozMDAwMDAwMDAwMDAsImRlbGV0ZSI6MzAwMDAwMDAwMDAwLCJ1cGRhdGUiOjMwMDAwMDAwMDAwMH0sInNjaGVtYV92ZXJzaW9uIjoiMSJ9",
          "dependencies": [
            "yandex_vpc_network.network-1",
            "yandex_vpc_subnet.subnet-1"
          ]
        },
        {
          "index_key": "es-node01",
          "schema_version": 1,
          "attributes": {
            "allow_stopping_for_update": null,
            "boot_disk": [
              {
                "auto_delete": true,
                "device_name": "ef363i0vss5kl1qdgijh",
                "disk_id": "ef363i0vss5kl1qdgijh",
                "initialize_params": [
                  {
                    "block_size": 4096,
                    "description": "",
                    "image_id": "fd89c9t0duap8opetfb9",
                    "name": "",
                    "size": 10,
                    "snapshot_id": "",
                    "type": "network-hdd"
                  }
                ],
                "mode": "READ_WRITE"
              }
            ],
            "created_at": "2022-02-17T04:21:08Z",
            "description": "",
            "folder_id": "b1g5pmgvre17gblnhu1g",
            "fqdn": "ef3v4s9e023b362h8f5a.auto.internal",
            "hostname": "ef3v4s9e023b362h8f5a",
            "id": "ef3v4s9e023b362h8f5a",
            "labels": null,
            "metadata": {
              "user-data": "#cloud-config\nssh_pwauth: no\nusers:\n  - name: dotsenkois\n    sudo: ALL=(ALL) NOPASSWD:ALL\n    shell: /bin/bash\n    ssh_authorized_keys:\n      - \"ssh-rsa AAAAB3NzaC1yc2EAAAADAQABAAABgQC8zCQlMAmGslVd9Nix5LEhy0P+H7r3Cpkc9AJUmLEph6Zyyk3ywkjc0ub8JvHd/xwfA6pP5m7vEcij1olNrUyEyNVzQNtt7ydfYbin/IbNvh8yPDlolF6lpenhRGs9WWuoxi9i/2S4klILbm93XN5S4ZlCmQ7H0C8zdJreo4WEmACOXXchU0ysoL6Xyn352xA7R7EISiJ5q96gV2CcuNfnjo1ONPiYduzpWUcEEGIr7hHnfLiFzGXXRHDeeArm/Pfvn4uM5JyOVOrueriLWKIL0+UKHJfLF72fLqLK42+QdhUPjGDR42tZ04CmFKTso8GBy5i9CAsKLkh2ZLwkzMujfzP6cPq8gordqUiAx2caFOR83tz8M7i7iClSVZLxEUIKuOJ+d43UZeVLlnBmoe2RjhBgSF9W4mlsiVO2+KUM+lYRxuIMGNUMiKglZrmLxzxCAUe6E6EtkV3DoAIpI+IrTUFrrt2iyyOrvnSXu566QPYdoKuMvM4ELCrUMgOQydM= dotsenkois@DESKTOP-ACN7195\"\n"
            },
            "name": "es-node01",
            "network_acceleration_type": "standard",
            "network_interface": [
              {
                "dns_record": [],
                "index": 0,
                "ip_address": "10.130.0.10",
                "ipv4": true,
                "ipv6": false,
                "ipv6_address": "",
                "ipv6_dns_record": [],
                "mac_address": "d0:0d:1f:27:12:e0",
                "nat": true,
                "nat_dns_record": [],
                "nat_ip_address": "51.250.35.121",
                "nat_ip_version": "IPV4",
                "security_group_ids": [],
                "subnet_id": "b0cibfi512hs6i4am4ao"
              }
            ],
            "placement_policy": [
              {
                "placement_group_id": ""
              }
            ],
            "platform_id": "standard-v1",
            "resources": [
              {
                "core_fraction": 20,
                "cores": 2,
                "gpus": 0,
                "memory": 2
              }
            ],
            "scheduling_policy": [
              {
                "preemptible": true
              }
            ],
            "secondary_disk": [],
            "service_account_id": "",
            "status": "running",
            "timeouts": null,
            "zone": "ru-central1-c"
          },
          "sensitive_attributes": [],
          "private": "eyJlMmJmYjczMC1lY2FhLTExZTYtOGY4OC0zNDM2M2JjN2M0YzAiOnsiY3JlYXRlIjozMDAwMDAwMDAwMDAsImRlbGV0ZSI6MzAwMDAwMDAwMDAwLCJ1cGRhdGUiOjMwMDAwMDAwMDAwMH0sInNjaGVtYV92ZXJzaW9uIjoiMSJ9",
          "dependencies": [
            "yandex_vpc_network.network-1",
            "yandex_vpc_subnet.subnet-1"
          ]
        },
        {
          "index_key": "kib-node01",
          "schema_version": 1,
          "attributes": {
            "allow_stopping_for_update": null,
            "boot_disk": [
              {
                "auto_delete": true,
                "device_name": "ef3sg24g5cvttjoped6i",
                "disk_id": "ef3sg24g5cvttjoped6i",
                "initialize_params": [
                  {
                    "block_size": 4096,
                    "description": "",
                    "image_id": "fd89c9t0duap8opetfb9",
                    "name": "",
                    "size": 10,
                    "snapshot_id": "",
                    "type": "network-hdd"
                  }
                ],
                "mode": "READ_WRITE"
              }
            ],
            "created_at": "2022-02-17T04:21:08Z",
            "description": "",
            "folder_id": "b1g5pmgvre17gblnhu1g",
            "fqdn": "ef3bt8419mesa1ab0o27.auto.internal",
            "hostname": "ef3bt8419mesa1ab0o27",
            "id": "ef3bt8419mesa1ab0o27",
            "labels": null,
            "metadata": {
              "user-data": "#cloud-config\nssh_pwauth: no\nusers:\n  - name: dotsenkois\n    sudo: ALL=(ALL) NOPASSWD:ALL\n    shell: /bin/bash\n    ssh_authorized_keys:\n      - \"ssh-rsa AAAAB3NzaC1yc2EAAAADAQABAAABgQC8zCQlMAmGslVd9Nix5LEhy0P+H7r3Cpkc9AJUmLEph6Zyyk3ywkjc0ub8JvHd/xwfA6pP5m7vEcij1olNrUyEyNVzQNtt7ydfYbin/IbNvh8yPDlolF6lpenhRGs9WWuoxi9i/2S4klILbm93XN5S4ZlCmQ7H0C8zdJreo4WEmACOXXchU0ysoL6Xyn352xA7R7EISiJ5q96gV2CcuNfnjo1ONPiYduzpWUcEEGIr7hHnfLiFzGXXRHDeeArm/Pfvn4uM5JyOVOrueriLWKIL0+UKHJfLF72fLqLK42+QdhUPjGDR42tZ04CmFKTso8GBy5i9CAsKLkh2ZLwkzMujfzP6cPq8gordqUiAx2caFOR83tz8M7i7iClSVZLxEUIKuOJ+d43UZeVLlnBmoe2RjhBgSF9W4mlsiVO2+KUM+lYRxuIMGNUMiKglZrmLxzxCAUe6E6EtkV3DoAIpI+IrTUFrrt2iyyOrvnSXu566QPYdoKuMvM4ELCrUMgOQydM= dotsenkois@DESKTOP-ACN7195\"\n"
            },
            "name": "kib-node01",
            "network_acceleration_type": "standard",
            "network_interface": [
              {
                "dns_record": [],
                "index": 0,
                "ip_address": "10.130.0.11",
                "ipv4": true,
                "ipv6": false,
                "ipv6_address": "",
                "ipv6_dns_record": [],
                "mac_address": "d0:0d:be:a0:81:4d",
                "nat": true,
                "nat_dns_record": [],
                "nat_ip_address": "51.250.39.115",
                "nat_ip_version": "IPV4",
                "security_group_ids": [],
                "subnet_id": "b0cibfi512hs6i4am4ao"
              }
            ],
            "placement_policy": [
              {
                "placement_group_id": ""
              }
            ],
            "platform_id": "standard-v1",
            "resources": [
              {
                "core_fraction": 20,
                "cores": 2,
                "gpus": 0,
                "memory": 2
              }
            ],
            "scheduling_policy": [
              {
                "preemptible": true
              }
            ],
            "secondary_disk": [],
            "service_account_id": "",
            "status": "running",
            "timeouts": null,
            "zone": "ru-central1-c"
          },
          "sensitive_attributes": [],
          "private": "eyJlMmJmYjczMC1lY2FhLTExZTYtOGY4OC0zNDM2M2JjN2M0YzAiOnsiY3JlYXRlIjozMDAwMDAwMDAwMDAsImRlbGV0ZSI6MzAwMDAwMDAwMDAwLCJ1cGRhdGUiOjMwMDAwMDAwMDAwMH0sInNjaGVtYV92ZXJzaW9uIjoiMSJ9",
          "dependencies": [
            "yandex_vpc_network.network-1",
            "yandex_vpc_subnet.subnet-1"
          ]
        }
      ]
    },
    {
      "mode": "managed",
      "type": "yandex_vpc_network",
      "name": "network-1",
      "provider": "provider[\"registry.terraform.io/yandex-cloud/yandex\"]",
      "instances": [
        {
          "schema_version": 0,
          "attributes": {
            "created_at": "2022-02-17T04:21:04Z",
            "default_security_group_id": "",
            "description": "",
            "folder_id": "b1g5pmgvre17gblnhu1g",
            "id": "enp4cru5dqq8ddhllgrg",
            "labels": {},
            "name": "network1",
            "subnet_ids": [],
            "timeouts": null
          },
          "sensitive_attributes": [],
          "private": "eyJlMmJmYjczMC1lY2FhLTExZTYtOGY4OC0zNDM2M2JjN2M0YzAiOnsiY3JlYXRlIjo2MDAwMDAwMDAwMCwiZGVsZXRlIjo2MDAwMDAwMDAwMCwidXBkYXRlIjo2MDAwMDAwMDAwMH19"
        }
      ]
    },
    {
      "mode": "managed",
      "type": "yandex_vpc_subnet",
      "name": "subnet-1",
      "provider": "provider[\"registry.terraform.io/yandex-cloud/yandex\"]",
      "instances": [
        {
          "schema_version": 0,
          "attributes": {
            "created_at": "2022-02-17T04:21:05Z",
            "description": "",
            "dhcp_options": [],
            "folder_id": "b1g5pmgvre17gblnhu1g",
            "id": "b0cibfi512hs6i4am4ao",
            "labels": {},
            "name": "subnet1",
            "network_id": "enp4cru5dqq8ddhllgrg",
            "route_table_id": "",
            "timeouts": null,
            "v4_cidr_blocks": [
              "10.130.0.0/24"
            ],
            "v6_cidr_blocks": [],
            "zone": "ru-central1-c"
          },
          "sensitive_attributes": [],
          "private": "eyJlMmJmYjczMC1lY2FhLTExZTYtOGY4OC0zNDM2M2JjN2M0YzAiOnsiY3JlYXRlIjoxODAwMDAwMDAwMDAsImRlbGV0ZSI6MTgwMDAwMDAwMDAwLCJ1cGRhdGUiOjE4MDAwMDAwMDAwMH19",
          "dependencies": [
            "yandex_vpc_network.network-1"
          ]
        }
      ]
    }
  ]
}
